
Microsoft Visual Studio Solution File, Format Version 12.00
# Visual Studio Version 16
VisualStudioVersion = 16.0.30011.22
MinimumVisualStudioVersion = 10.0.40219.1
Project("{FAE04EC0-301F-11D3-BF4B-00C04F79EFBC}") = "AplicacionServidor", "AplicacionServidor\AplicacionServidor.csproj", "{02CDAE0F-5651-48F7-83D5-C663192450E4}"
EndProject
Global
	GlobalSection(SolutionConfigurationPlatforms) = preSolution
		Debug|Any CPU = Debug|Any CPU
		Release|Any CPU = Release|Any CPU
	EndGlobalSection
	GlobalSection(ProjectConfigurationPlatforms) = postSolution
		{02CDAE0F-5651-48F7-83D5-C663192450E4}.Debug|Any CPU.ActiveCfg = Debug|Any CPU
		{02CDAE0F-5651-48F7-83D5-C663192450E4}.Debug|Any CPU.Build.0 = Debug|Any CPU
		{02CDAE0F-5651-48F7-83D5-C663192450E4}.Release|Any CPU.ActiveCfg = Release|Any CPU
		{02CDAE0F-5651-48F7-83D5-C663192450E4}.Release|Any CPU.Build.0 = Release|Any CPU
	EndGlobalSection
	GlobalSection(SolutionProperties) = preSolution
		HideSolutionNode = FALSE
	EndGlobalSection
	GlobalSection(ExtensibilityGlobals) = postSolution
		SolutionGuid = {2CB9333C-7BAB-41C9-BCD7-C38779A917A3}
	EndGlobalSection
EndGlobal
